
Microsoft Visual Studio Solution File, Format Version 12.00
# Visual Studio Version 17
VisualStudioVersion = 17.7.34221.43
MinimumVisualStudioVersion = 10.0.40219.1
Project("{FAE04EC0-301F-11D3-BF4B-00C04F79EFBC}") = "PRG282_Project", "PRG282_Project\PRG282_Project.csproj", "{D2E53EC4-5F55-457C-895B-E059E5BD61DE}"
EndProject
Global
	GlobalSection(SolutionConfigurationPlatforms) = preSolution
		Debug|Any CPU = Debug|Any CPU
		Release|Any CPU = Release|Any CPU
	EndGlobalSection
	GlobalSection(ProjectConfigurationPlatforms) = postSolution
		{D2E53EC4-5F55-457C-895B-E059E5BD61DE}.Debug|Any CPU.ActiveCfg = Debug|Any CPU
		{D2E53EC4-5F55-457C-895B-E059E5BD61DE}.Debug|Any CPU.Build.0 = Debug|Any CPU
		{D2E53EC4-5F55-457C-895B-E059E5BD61DE}.Release|Any CPU.ActiveCfg = Release|Any CPU
		{D2E53EC4-5F55-457C-895B-E059E5BD61DE}.Release|Any CPU.Build.0 = Release|Any CPU
	EndGlobalSection
	GlobalSection(SolutionProperties) = preSolution
		HideSolutionNode = FALSE
	EndGlobalSection
	GlobalSection(ExtensibilityGlobals) = postSolution
		SolutionGuid = {E8BCEEFA-0192-4C64-8AC3-600F1F629AFF}
	EndGlobalSection
EndGlobal
